// !$*UTF8*$!
{
	archiveVersion = 1;
	classes = {
	};
	objectVersion = 46;
	objects = {

/* Begin PBXBuildFile section */
		25B6BC001AF8000300B1681B /* bensound-happyrock.mp3 in Resources */ = {isa = PBXBuildFile; fileRef = 25B6BBFF1AF8000300B1681B /* bensound-happyrock.mp3 */; };
		25B6BC041AF800BA00B1681B /* CompleteGoalView.swift in Sources */ = {isa = PBXBuildFile; fileRef = 25B6BC031AF800BA00B1681B /* CompleteGoalView.swift */; };
		25D0756E1AF2A69F0042307A /* Goal.swift in Sources */ = {isa = PBXBuildFile; fileRef = 25D0756D1AF2A69F0042307A /* Goal.swift */; };
		25D075701AF2A98E0042307A /* GoalDAO.swift in Sources */ = {isa = PBXBuildFile; fileRef = 25D0756F1AF2A98E0042307A /* GoalDAO.swift */; };
		25D075721AF2AC6E0042307A /* CategoryType.swift in Sources */ = {isa = PBXBuildFile; fileRef = 25D075711AF2AC6E0042307A /* CategoryType.swift */; };
		330BE7981AF15F2400369ED8 /* AppDelegate.swift in Sources */ = {isa = PBXBuildFile; fileRef = 330BE7971AF15F2400369ED8 /* AppDelegate.swift */; };
		330BE79A1AF15F2400369ED8 /* VC.swift in Sources */ = {isa = PBXBuildFile; fileRef = 330BE7991AF15F2400369ED8 /* VC.swift */; };
		330BE79D1AF15F2400369ED8 /* Main.storyboard in Resources */ = {isa = PBXBuildFile; fileRef = 330BE79B1AF15F2400369ED8 /* Main.storyboard */; };
		330BE79F1AF15F2400369ED8 /* Images.xcassets in Resources */ = {isa = PBXBuildFile; fileRef = 330BE79E1AF15F2400369ED8 /* Images.xcassets */; };
		330BE7AE1AF15F2400369ED8 /* HippoBankTests.swift in Sources */ = {isa = PBXBuildFile; fileRef = 330BE7AD1AF15F2400369ED8 /* HippoBankTests.swift */; };
		330EF6571AF80E3500C3443D /* CompleteVC.swift in Sources */ = {isa = PBXBuildFile; fileRef = 330EF6561AF80E3500C3443D /* CompleteVC.swift */; };
		3B9006671AF6D57C00D6E114 /* Extensions.swift in Sources */ = {isa = PBXBuildFile; fileRef = 3B9006661AF6D57C00D6E114 /* Extensions.swift */; };
		3BA7539E1AF875220082EAA1 /* LaunchScreen.xib in Resources */ = {isa = PBXBuildFile; fileRef = 3BA7539D1AF875220082EAA1 /* LaunchScreen.xib */; };
		3BBED55E1AF7E0A100D6BFBE /* AddGoalVC.swift in Sources */ = {isa = PBXBuildFile; fileRef = 3BBED55D1AF7E0A100D6BFBE /* AddGoalVC.swift */; };
		3BBED5601AF7E16E00D6BFBE /* AddGoalView.swift in Sources */ = {isa = PBXBuildFile; fileRef = 3BBED55F1AF7E16E00D6BFBE /* AddGoalView.swift */; };
		3BBED5621AF7F7A700D6BFBE /* ListGoalView.swift in Sources */ = {isa = PBXBuildFile; fileRef = 3BBED5611AF7F7A700D6BFBE /* ListGoalView.swift */; };
		3BBED5641AF804D900D6BFBE /* HippoNC.swift in Sources */ = {isa = PBXBuildFile; fileRef = 3BBED5631AF804D900D6BFBE /* HippoNC.swift */; };
		3BDAEBBD1AF6E4D400BEB722 /* GoalCell.swift in Sources */ = {isa = PBXBuildFile; fileRef = 3BDAEBBC1AF6E4D400BEB722 /* GoalCell.swift */; };
/* End PBXBuildFile section */

/* Begin PBXContainerItemProxy section */
		330BE7A81AF15F2400369ED8 /* PBXContainerItemProxy */ = {
			isa = PBXContainerItemProxy;
			containerPortal = 330BE78A1AF15F2400369ED8 /* Project object */;
			proxyType = 1;
			remoteGlobalIDString = 330BE7911AF15F2400369ED8;
			remoteInfo = HippoBank;
		};
/* End PBXContainerItemProxy section */

/* Begin PBXFileReference section */
		25B6BBFF1AF8000300B1681B /* bensound-happyrock.mp3 */ = {isa = PBXFileReference; lastKnownFileType = audio.mp3; path = "bensound-happyrock.mp3"; sourceTree = "<group>"; };
		25B6BC031AF800BA00B1681B /* CompleteGoalView.swift */ = {isa = PBXFileReference; fileEncoding = 4; lastKnownFileType = sourcecode.swift; path = CompleteGoalView.swift; sourceTree = "<group>"; };
		25D0756D1AF2A69F0042307A /* Goal.swift */ = {isa = PBXFileReference; fileEncoding = 4; lastKnownFileType = sourcecode.swift; path = Goal.swift; sourceTree = "<group>"; };
		25D0756F1AF2A98E0042307A /* GoalDAO.swift */ = {isa = PBXFileReference; fileEncoding = 4; lastKnownFileType = sourcecode.swift; path = GoalDAO.swift; sourceTree = "<group>"; };
		25D075711AF2AC6E0042307A /* CategoryType.swift */ = {isa = PBXFileReference; fileEncoding = 4; lastKnownFileType = sourcecode.swift; path = CategoryType.swift; sourceTree = "<group>"; };
		330BE7921AF15F2400369ED8 /* HippoBank.app */ = {isa = PBXFileReference; explicitFileType = wrapper.application; includeInIndex = 0; path = HippoBank.app; sourceTree = BUILT_PRODUCTS_DIR; };
		330BE7961AF15F2400369ED8 /* Info.plist */ = {isa = PBXFileReference; lastKnownFileType = text.plist.xml; path = Info.plist; sourceTree = "<group>"; };
		330BE7971AF15F2400369ED8 /* AppDelegate.swift */ = {isa = PBXFileReference; lastKnownFileType = sourcecode.swift; path = AppDelegate.swift; sourceTree = "<group>"; };
		330BE7991AF15F2400369ED8 /* VC.swift */ = {isa = PBXFileReference; lastKnownFileType = sourcecode.swift; path = VC.swift; sourceTree = "<group>"; };
		330BE79C1AF15F2400369ED8 /* Base */ = {isa = PBXFileReference; lastKnownFileType = file.storyboard; name = Base; path = Base.lproj/Main.storyboard; sourceTree = "<group>"; };
		330BE79E1AF15F2400369ED8 /* Images.xcassets */ = {isa = PBXFileReference; lastKnownFileType = folder.assetcatalog; path = Images.xcassets; sourceTree = "<group>"; };
		330BE7A71AF15F2400369ED8 /* HippoBankTests.xctest */ = {isa = PBXFileReference; explicitFileType = wrapper.cfbundle; includeInIndex = 0; path = HippoBankTests.xctest; sourceTree = BUILT_PRODUCTS_DIR; };
		330BE7AC1AF15F2400369ED8 /* Info.plist */ = {isa = PBXFileReference; lastKnownFileType = text.plist.xml; path = Info.plist; sourceTree = "<group>"; };
		330BE7AD1AF15F2400369ED8 /* HippoBankTests.swift */ = {isa = PBXFileReference; lastKnownFileType = sourcecode.swift; path = HippoBankTests.swift; sourceTree = "<group>"; };
		330EF6561AF80E3500C3443D /* CompleteVC.swift */ = {isa = PBXFileReference; fileEncoding = 4; lastKnownFileType = sourcecode.swift; path = CompleteVC.swift; sourceTree = "<group>"; };
		3B9006661AF6D57C00D6E114 /* Extensions.swift */ = {isa = PBXFileReference; fileEncoding = 4; lastKnownFileType = sourcecode.swift; path = Extensions.swift; sourceTree = "<group>"; };
		3BA7539D1AF875220082EAA1 /* LaunchScreen.xib */ = {isa = PBXFileReference; fileEncoding = 4; lastKnownFileType = file.xib; path = LaunchScreen.xib; sourceTree = "<group>"; };
		3BBED55D1AF7E0A100D6BFBE /* AddGoalVC.swift */ = {isa = PBXFileReference; fileEncoding = 4; lastKnownFileType = sourcecode.swift; path = AddGoalVC.swift; sourceTree = "<group>"; };
		3BBED55F1AF7E16E00D6BFBE /* AddGoalView.swift */ = {isa = PBXFileReference; fileEncoding = 4; lastKnownFileType = sourcecode.swift; path = AddGoalView.swift; sourceTree = "<group>"; };
		3BBED5611AF7F7A700D6BFBE /* ListGoalView.swift */ = {isa = PBXFileReference; fileEncoding = 4; lastKnownFileType = sourcecode.swift; path = ListGoalView.swift; sourceTree = "<group>"; };
		3BBED5631AF804D900D6BFBE /* HippoNC.swift */ = {isa = PBXFileReference; fileEncoding = 4; lastKnownFileType = sourcecode.swift; path = HippoNC.swift; sourceTree = "<group>"; };
		3BDAEBBC1AF6E4D400BEB722 /* GoalCell.swift */ = {isa = PBXFileReference; fileEncoding = 4; lastKnownFileType = sourcecode.swift; path = GoalCell.swift; sourceTree = "<group>"; };
/* End PBXFileReference section */

/* Begin PBXFrameworksBuildPhase section */
		330BE78F1AF15F2400369ED8 /* Frameworks */ = {
			isa = PBXFrameworksBuildPhase;
			buildActionMask = 2147483647;
			files = (
			);
			runOnlyForDeploymentPostprocessing = 0;
		};
		330BE7A41AF15F2400369ED8 /* Frameworks */ = {
			isa = PBXFrameworksBuildPhase;
			buildActionMask = 2147483647;
			files = (
			);
			runOnlyForDeploymentPostprocessing = 0;
		};
/* End PBXFrameworksBuildPhase section */

/* Begin PBXGroup section */
		25D0756A1AF2A6460042307A /* View */ = {
			isa = PBXGroup;
			children = (
				3BA7539D1AF875220082EAA1 /* LaunchScreen.xib */,
				3BBED5611AF7F7A700D6BFBE /* ListGoalView.swift */,
				3BBED55F1AF7E16E00D6BFBE /* AddGoalView.swift */,
				3BDAEBBC1AF6E4D400BEB722 /* GoalCell.swift */,
				330BE79B1AF15F2400369ED8 /* Main.storyboard */,
				25B6BC031AF800BA00B1681B /* CompleteGoalView.swift */,
			);
			name = View;
			sourceTree = "<group>";
		};
		25D0756B1AF2A64C0042307A /* Model */ = {
			isa = PBXGroup;
			children = (
				25D0756D1AF2A69F0042307A /* Goal.swift */,
				25D0756F1AF2A98E0042307A /* GoalDAO.swift */,
				25D075711AF2AC6E0042307A /* CategoryType.swift */,
			);
			name = Model;
			sourceTree = "<group>";
		};
		25D0756C1AF2A6540042307A /* Controller */ = {
			isa = PBXGroup;
			children = (
				3BBED5631AF804D900D6BFBE /* HippoNC.swift */,
				330BE7991AF15F2400369ED8 /* VC.swift */,
				3BBED55D1AF7E0A100D6BFBE /* AddGoalVC.swift */,
				330EF6561AF80E3500C3443D /* CompleteVC.swift */,
			);
			name = Controller;
			sourceTree = "<group>";
		};
		330BE7891AF15F2400369ED8 = {
			isa = PBXGroup;
			children = (
				330BE7941AF15F2400369ED8 /* HippoBank */,
				330BE7AA1AF15F2400369ED8 /* HippoBankTests */,
				330BE7931AF15F2400369ED8 /* Products */,
			);
			sourceTree = "<group>";
		};
		330BE7931AF15F2400369ED8 /* Products */ = {
			isa = PBXGroup;
			children = (
				330BE7921AF15F2400369ED8 /* HippoBank.app */,
				330BE7A71AF15F2400369ED8 /* HippoBankTests.xctest */,
			);
			name = Products;
			sourceTree = "<group>";
		};
		330BE7941AF15F2400369ED8 /* HippoBank */ = {
			isa = PBXGroup;
			children = (
				3B9006661AF6D57C00D6E114 /* Extensions.swift */,
				25D0756C1AF2A6540042307A /* Controller */,
				25D0756B1AF2A64C0042307A /* Model */,
				25D0756A1AF2A6460042307A /* View */,
				330BE7971AF15F2400369ED8 /* AppDelegate.swift */,
				330BE79E1AF15F2400369ED8 /* Images.xcassets */,
				25B6BBFF1AF8000300B1681B /* bensound-happyrock.mp3 */,
				330BE7951AF15F2400369ED8 /* Supporting Files */,
			);
			path = HippoBank;
			sourceTree = "<group>";
		};
		330BE7951AF15F2400369ED8 /* Supporting Files */ = {
			isa = PBXGroup;
			children = (
				330BE7961AF15F2400369ED8 /* Info.plist */,
			);
			name = "Supporting Files";
			sourceTree = "<group>";
		};
		330BE7AA1AF15F2400369ED8 /* HippoBankTests */ = {
			isa = PBXGroup;
			children = (
				330BE7AD1AF15F2400369ED8 /* HippoBankTests.swift */,
				330BE7AB1AF15F2400369ED8 /* Supporting Files */,
			);
			path = HippoBankTests;
			sourceTree = "<group>";
		};
		330BE7AB1AF15F2400369ED8 /* Supporting Files */ = {
			isa = PBXGroup;
			children = (
				330BE7AC1AF15F2400369ED8 /* Info.plist */,
			);
			name = "Supporting Files";
			sourceTree = "<group>";
		};
/* End PBXGroup section */

/* Begin PBXNativeTarget section */
		330BE7911AF15F2400369ED8 /* HippoBank */ = {
			isa = PBXNativeTarget;
			buildConfigurationList = 330BE7B11AF15F2400369ED8 /* Build configuration list for PBXNativeTarget "HippoBank" */;
			buildPhases = (
				330BE78E1AF15F2400369ED8 /* Sources */,
				330BE78F1AF15F2400369ED8 /* Frameworks */,
				330BE7901AF15F2400369ED8 /* Resources */,
			);
			buildRules = (
			);
			dependencies = (
			);
			name = HippoBank;
			productName = HippoBank;
			productReference = 330BE7921AF15F2400369ED8 /* HippoBank.app */;
			productType = "com.apple.product-type.application";
		};
		330BE7A61AF15F2400369ED8 /* HippoBankTests */ = {
			isa = PBXNativeTarget;
			buildConfigurationList = 330BE7B41AF15F2400369ED8 /* Build configuration list for PBXNativeTarget "HippoBankTests" */;
			buildPhases = (
				330BE7A31AF15F2400369ED8 /* Sources */,
				330BE7A41AF15F2400369ED8 /* Frameworks */,
				330BE7A51AF15F2400369ED8 /* Resources */,
			);
			buildRules = (
			);
			dependencies = (
				330BE7A91AF15F2400369ED8 /* PBXTargetDependency */,
			);
			name = HippoBankTests;
			productName = HippoBankTests;
			productReference = 330BE7A71AF15F2400369ED8 /* HippoBankTests.xctest */;
			productType = "com.apple.product-type.bundle.unit-test";
		};
/* End PBXNativeTarget section */

/* Begin PBXProject section */
		330BE78A1AF15F2400369ED8 /* Project object */ = {
			isa = PBXProject;
			attributes = {
				LastUpgradeCheck = 0630;
				ORGANIZATIONNAME = Hippo;
				TargetAttributes = {
					330BE7911AF15F2400369ED8 = {
						CreatedOnToolsVersion = 6.3.1;
					};
					330BE7A61AF15F2400369ED8 = {
						CreatedOnToolsVersion = 6.3.1;
						TestTargetID = 330BE7911AF15F2400369ED8;
					};
				};
			};
			buildConfigurationList = 330BE78D1AF15F2400369ED8 /* Build configuration list for PBXProject "HippoBank" */;
			compatibilityVersion = "Xcode 3.2";
			developmentRegion = English;
			hasScannedForEncodings = 0;
			knownRegions = (
				en,
				Base,
			);
			mainGroup = 330BE7891AF15F2400369ED8;
			productRefGroup = 330BE7931AF15F2400369ED8 /* Products */;
			projectDirPath = "";
			projectRoot = "";
			targets = (
				330BE7911AF15F2400369ED8 /* HippoBank */,
				330BE7A61AF15F2400369ED8 /* HippoBankTests */,
			);
		};
/* End PBXProject section */

/* Begin PBXResourcesBuildPhase section */
		330BE7901AF15F2400369ED8 /* Resources */ = {
			isa = PBXResourcesBuildPhase;
			buildActionMask = 2147483647;
			files = (
				3BA7539E1AF875220082EAA1 /* LaunchScreen.xib in Resources */,
				25B6BC001AF8000300B1681B /* bensound-happyrock.mp3 in Resources */,
				330BE79D1AF15F2400369ED8 /* Main.storyboard in Resources */,
				330BE79F1AF15F2400369ED8 /* Images.xcassets in Resources */,
			);
			runOnlyForDeploymentPostprocessing = 0;
		};
		330BE7A51AF15F2400369ED8 /* Resources */ = {
			isa = PBXResourcesBuildPhase;
			buildActionMask = 2147483647;
			files = (
			);
			runOnlyForDeploymentPostprocessing = 0;
		};
/* End PBXResourcesBuildPhase section */

/* Begin PBXSourcesBuildPhase section */
		330BE78E1AF15F2400369ED8 /* Sources */ = {
			isa = PBXSourcesBuildPhase;
			buildActionMask = 2147483647;
			files = (
				330BE79A1AF15F2400369ED8 /* VC.swift in Sources */,
				25B6BC041AF800BA00B1681B /* CompleteGoalView.swift in Sources */,
				3BBED5601AF7E16E00D6BFBE /* AddGoalView.swift in Sources */,
				3BDAEBBD1AF6E4D400BEB722 /* GoalCell.swift in Sources */,
				3BBED5621AF7F7A700D6BFBE /* ListGoalView.swift in Sources */,
				3BBED5641AF804D900D6BFBE /* HippoNC.swift in Sources */,
				3B9006671AF6D57C00D6E114 /* Extensions.swift in Sources */,
				25D0756E1AF2A69F0042307A /* Goal.swift in Sources */,
				330EF6571AF80E3500C3443D /* CompleteVC.swift in Sources */,
				3BBED55E1AF7E0A100D6BFBE /* AddGoalVC.swift in Sources */,
				330BE7981AF15F2400369ED8 /* AppDelegate.swift in Sources */,
				25D075701AF2A98E0042307A /* GoalDAO.swift in Sources */,
				25D075721AF2AC6E0042307A /* CategoryType.swift in Sources */,
			);
			runOnlyForDeploymentPostprocessing = 0;
		};
		330BE7A31AF15F2400369ED8 /* Sources */ = {
			isa = PBXSourcesBuildPhase;
			buildActionMask = 2147483647;
			files = (
				330BE7AE1AF15F2400369ED8 /* HippoBankTests.swift in Sources */,
			);
			runOnlyForDeploymentPostprocessing = 0;
		};
/* End PBXSourcesBuildPhase section */

/* Begin PBXTargetDependency section */
		330BE7A91AF15F2400369ED8 /* PBXTargetDependency */ = {
			isa = PBXTargetDependency;
			target = 330BE7911AF15F2400369ED8 /* HippoBank */;
			targetProxy = 330BE7A81AF15F2400369ED8 /* PBXContainerItemProxy */;
		};
/* End PBXTargetDependency section */

/* Begin PBXVariantGroup section */
		330BE79B1AF15F2400369ED8 /* Main.storyboard */ = {
			isa = PBXVariantGroup;
			children = (
				330BE79C1AF15F2400369ED8 /* Base */,
			);
			name = Main.storyboard;
			sourceTree = "<group>";
		};
/* End PBXVariantGroup section */

/* Begin XCBuildConfiguration section */
		330BE7AF1AF15F2400369ED8 /* Debug */ = {
			isa = XCBuildConfiguration;
			buildSettings = {
				ALWAYS_SEARCH_USER_PATHS = NO;
				CLANG_CXX_LANGUAGE_STANDARD = "gnu++0x";
				CLANG_CXX_LIBRARY = "libc++";
				CLANG_ENABLE_MODULES = YES;
				CLANG_ENABLE_OBJC_ARC = YES;
				CLANG_WARN_BOOL_CONVERSION = YES;
				CLANG_WARN_CONSTANT_CONVERSION = YES;
				CLANG_WARN_DIRECT_OBJC_ISA_USAGE = YES_ERROR;
				CLANG_WARN_EMPTY_BODY = YES;
				CLANG_WARN_ENUM_CONVERSION = YES;
				CLANG_WARN_INT_CONVERSION = YES;
				CLANG_WARN_OBJC_ROOT_CLASS = YES_ERROR;
				CLANG_WARN_UNREACHABLE_CODE = YES;
				CLANG_WARN__DUPLICATE_METHOD_MATCH = YES;
				"CODE_SIGN_IDENTITY[sdk=iphoneos*]" = "iPhone Developer";
				COPY_PHASE_STRIP = NO;
				DEBUG_INFORMATION_FORMAT = "dwarf-with-dsym";
				ENABLE_STRICT_OBJC_MSGSEND = YES;
				GCC_C_LANGUAGE_STANDARD = gnu99;
				GCC_DYNAMIC_NO_PIC = NO;
				GCC_NO_COMMON_BLOCKS = YES;
				GCC_OPTIMIZATION_LEVEL = 0;
				GCC_PREPROCESSOR_DEFINITIONS = (
					"DEBUG=1",
					"$(inherited)",
				);
				GCC_SYMBOLS_PRIVATE_EXTERN = NO;
				GCC_WARN_64_TO_32_BIT_CONVERSION = YES;
				GCC_WARN_ABOUT_RETURN_TYPE = YES_ERROR;
				GCC_WARN_UNDECLARED_SELECTOR = YES;
				GCC_WARN_UNINITIALIZED_AUTOS = YES_AGGRESSIVE;
				GCC_WARN_UNUSED_FUNCTION = YES;
				GCC_WARN_UNUSED_VARIABLE = YES;
				IPHONEOS_DEPLOYMENT_TARGET = 8.3;
				MTL_ENABLE_DEBUG_INFO = YES;
				ONLY_ACTIVE_ARCH = YES;
				SDKROOT = iphoneos;
				SWIFT_OPTIMIZATION_LEVEL = "-Onone";
			};
			name = Debug;
		};
		330BE7B01AF15F2400369ED8 /* Release */ = {
			isa = XCBuildConfiguration;
			buildSettings = {
				ALWAYS_SEARCH_USER_PATHS = NO;
				CLANG_CXX_LANGUAGE_STANDARD = "gnu++0x";
				CLANG_CXX_LIBRARY = "libc++";
				CLANG_ENABLE_MODULES = YES;
				CLANG_ENABLE_OBJC_ARC = YES;
				CLANG_WARN_BOOL_CONVERSION = YES;
				CLANG_WARN_CONSTANT_CONVERSION = YES;
				CLANG_WARN_DIRECT_OBJC_ISA_USAGE = YES_ERROR;
				CLANG_WARN_EMPTY_BODY = YES;
				CLANG_WARN_ENUM_CONVERSION = YES;
				CLANG_WARN_INT_CONVERSION = YES;
				CLANG_WARN_OBJC_ROOT_CLASS = YES_ERROR;
				CLANG_WARN_UNREACHABLE_CODE = YES;
				CLANG_WARN__DUPLICATE_METHOD_MATCH = YES;
				"CODE_SIGN_IDENTITY[sdk=iphoneos*]" = "iPhone Developer";
				COPY_PHASE_STRIP = NO;
				DEBUG_INFORMATION_FORMAT = "dwarf-with-dsym";
				ENABLE_NS_ASSERTIONS = NO;
				ENABLE_STRICT_OBJC_MSGSEND = YES;
				GCC_C_LANGUAGE_STANDARD = gnu99;
				GCC_NO_COMMON_BLOCKS = YES;
				GCC_WARN_64_TO_32_BIT_CONVERSION = YES;
				GCC_WARN_ABOUT_RETURN_TYPE = YES_ERROR;
				GCC_WARN_UNDECLARED_SELECTOR = YES;
				GCC_WARN_UNINITIALIZED_AUTOS = YES_AGGRESSIVE;
				GCC_WARN_UNUSED_FUNCTION = YES;
				GCC_WARN_UNUSED_VARIABLE = YES;
				IPHONEOS_DEPLOYMENT_TARGET = 8.3;
				MTL_ENABLE_DEBUG_INFO = NO;
				SDKROOT = iphoneos;
				VALIDATE_PRODUCT = YES;
			};
			name = Release;
		};
		330BE7B21AF15F2400369ED8 /* Debug */ = {
			isa = XCBuildConfiguration;
			buildSettings = {
				ASSETCATALOG_COMPILER_APPICON_NAME = AppIcon;
				INFOPLIST_FILE = HippoBank/Info.plist;
				IPHONEOS_DEPLOYMENT_TARGET = 8.0;
				LD_RUNPATH_SEARCH_PATHS = "$(inherited) @executable_path/Frameworks";
				PRODUCT_NAME = "$(TARGET_NAME)";
			};
			name = Debug;
		};
		330BE7B31AF15F2400369ED8 /* Release */ = {
			isa = XCBuildConfiguration;
			buildSettings = {
				ASSETCATALOG_COMPILER_APPICON_NAME = AppIcon;
				INFOPLIST_FILE = HippoBank/Info.plist;
				IPHONEOS_DEPLOYMENT_TARGET = 8.0;
				LD_RUNPATH_SEARCH_PATHS = "$(inherited) @executable_path/Frameworks";
				PRODUCT_NAME = "$(TARGET_NAME)";
			};
			name = Release;
		};
		330BE7B51AF15F2400369ED8 /* Debug */ = {
			isa = XCBuildConfiguration;
			buildSettings = {
				BUNDLE_LOADER = "$(TEST_HOST)";
				FRAMEWORK_SEARCH_PATHS = (
					"$(SDKROOT)/Developer/Library/Frameworks",
					"$(inherited)",
				);
				GCC_PREPROCESSOR_DEFINITIONS = (
					"DEBUG=1",
					"$(inherited)",
				);
				INFOPLIST_FILE = HippoBankTests/Info.plist;
				LD_RUNPATH_SEARCH_PATHS = "$(inherited) @executable_path/Frameworks @loader_path/Frameworks";
				PRODUCT_NAME = "$(TARGET_NAME)";
				TEST_HOST = "$(BUILT_PRODUCTS_DIR)/HippoBank.app/HippoBank";
			};
			name = Debug;
		};
		330BE7B61AF15F2400369ED8 /* Release */ = {
			isa = XCBuildConfiguration;
			buildSettings = {
				BUNDLE_LOADER = "$(TEST_HOST)";
				FRAMEWORK_SEARCH_PATHS = (
					"$(SDKROOT)/Developer/Library/Frameworks",
					"$(inherited)",
				);
				INFOPLIST_FILE = HippoBankTests/Info.plist;
				LD_RUNPATH_SEARCH_PATHS = "$(inherited) @executable_path/Frameworks @loader_path/Frameworks";
				PRODUCT_NAME = "$(TARGET_NAME)";
				TEST_HOST = "$(BUILT_PRODUCTS_DIR)/HippoBank.app/HippoBank";
			};
			name = Release;
		};
/* End XCBuildConfiguration section */

/* Begin XCConfigurationList section */
		330BE78D1AF15F2400369ED8 /* Build configuration list for PBXProject "HippoBank" */ = {
			isa = XCConfigurationList;
			buildConfigurations = (
				330BE7AF1AF15F2400369ED8 /* Debug */,
				330BE7B01AF15F2400369ED8 /* Release */,
			);
			defaultConfigurationIsVisible = 0;
			defaultConfigurationName = Release;
		};
		330BE7B11AF15F2400369ED8 /* Build configuration list for PBXNativeTarget "HippoBank" */ = {
			isa = XCConfigurationList;
			buildConfigurations = (
				330BE7B21AF15F2400369ED8 /* Debug */,
				330BE7B31AF15F2400369ED8 /* Release */,
			);
			defaultConfigurationIsVisible = 0;
			defaultConfigurationName = Release;
		};
		330BE7B41AF15F2400369ED8 /* Build configuration list for PBXNativeTarget "HippoBankTests" */ = {
			isa = XCConfigurationList;
			buildConfigurations = (
				330BE7B51AF15F2400369ED8 /* Debug */,
				330BE7B61AF15F2400369ED8 /* Release */,
			);
			defaultConfigurationIsVisible = 0;
			defaultConfigurationName = Release;
		};
/* End XCConfigurationList section */
	};
	rootObject = 330BE78A1AF15F2400369ED8 /* Project object */;
}
